
Microsoft Visual Studio Solution File, Format Version 12.00
# Visual Studio Version 16
VisualStudioVersion = 16.0.30907.101
MinimumVisualStudioVersion = 10.0.40219.1
Project("{9A19103F-16F7-4668-BE54-9A1E7A4F7556}") = "Kampinttro", "Kampinttro\Kampinttro.csproj", "{FE1A83FB-E2D0-4C69-9E68-8AC743781DEB}"
EndProject
Project("{9A19103F-16F7-4668-BE54-9A1E7A4F7556}") = "Donguler", "Donguler\Donguler.csproj", "{3423AFB3-8C91-4553-9655-9BA7173F69B6}"
EndProject
Project("{9A19103F-16F7-4668-BE54-9A1E7A4F7556}") = "Metotlar", "Metotlar\Metotlar.csproj", "{148265DB-C3FD-4891-9DEE-3FB0BF5172A4}"
EndProject
Project("{9A19103F-16F7-4668-BE54-9A1E7A4F7556}") = "Matematik", "Matematik\Matematik.csproj", "{F0045F75-2177-4324-BF86-E03FEA7AB869}"
EndProject
Project("{9A19103F-16F7-4668-BE54-9A1E7A4F7556}") = "DegerVeRefaransTıpler", "DegerVeRefaransTıpler\DegerVeRefaransTıpler.csproj", "{405CF17A-C4FA-43E9-8239-27AA0D8B557D}"
EndProject
Project("{9A19103F-16F7-4668-BE54-9A1E7A4F7556}") = "ClassMetotDemo", "ClassMetotDemo\ClassMetotDemo.csproj", "{DC804757-722A-469D-AECB-53EC0F5F6792}"
EndProject
Project("{9A19103F-16F7-4668-BE54-9A1E7A4F7556}") = "OOP1", "OOP1\OOP1.csproj", "{E377C096-68F4-4DB7-A45D-2B930DC3F503}"
EndProject
Project("{9A19103F-16F7-4668-BE54-9A1E7A4F7556}") = "Koleksiyonlar", "Koleksiyonlar\Koleksiyonlar.csproj", "{850D32F9-D142-45F3-A125-5CF2C7F8D478}"
EndProject
Project("{9A19103F-16F7-4668-BE54-9A1E7A4F7556}") = "GenericsIntro", "GenericsIntro\GenericsIntro.csproj", "{F8CE28C0-EFC8-4606-B2C1-BC0FBBE22B56}"
EndProject
Project("{FAE04EC0-301F-11D3-BF4B-00C04F79EFBC}") = "MyDictionary", "OOP2\MyDictionary.csproj", "{3C2BE138-9167-46C4-AA91-31FCBD24D05F}"
EndProject
Global
	GlobalSection(SolutionConfigurationPlatforms) = preSolution
		Debug|Any CPU = Debug|Any CPU
		Release|Any CPU = Release|Any CPU
	EndGlobalSection
	GlobalSection(ProjectConfigurationPlatforms) = postSolution
		{FE1A83FB-E2D0-4C69-9E68-8AC743781DEB}.Debug|Any CPU.ActiveCfg = Debug|Any CPU
		{FE1A83FB-E2D0-4C69-9E68-8AC743781DEB}.Debug|Any CPU.Build.0 = Debug|Any CPU
		{FE1A83FB-E2D0-4C69-9E68-8AC743781DEB}.Release|Any CPU.ActiveCfg = Release|Any CPU
		{FE1A83FB-E2D0-4C69-9E68-8AC743781DEB}.Release|Any CPU.Build.0 = Release|Any CPU
		{3423AFB3-8C91-4553-9655-9BA7173F69B6}.Debug|Any CPU.ActiveCfg = Debug|Any CPU
		{3423AFB3-8C91-4553-9655-9BA7173F69B6}.Debug|Any CPU.Build.0 = Debug|Any CPU
		{3423AFB3-8C91-4553-9655-9BA7173F69B6}.Release|Any CPU.ActiveCfg = Release|Any CPU
		{3423AFB3-8C91-4553-9655-9BA7173F69B6}.Release|Any CPU.Build.0 = Release|Any CPU
		{148265DB-C3FD-4891-9DEE-3FB0BF5172A4}.Debug|Any CPU.ActiveCfg = Debug|Any CPU
		{148265DB-C3FD-4891-9DEE-3FB0BF5172A4}.Debug|Any CPU.Build.0 = Debug|Any CPU
		{148265DB-C3FD-4891-9DEE-3FB0BF5172A4}.Release|Any CPU.ActiveCfg = Release|Any CPU
		{148265DB-C3FD-4891-9DEE-3FB0BF5172A4}.Release|Any CPU.Build.0 = Release|Any CPU
		{F0045F75-2177-4324-BF86-E03FEA7AB869}.Debug|Any CPU.ActiveCfg = Debug|Any CPU
		{F0045F75-2177-4324-BF86-E03FEA7AB869}.Debug|Any CPU.Build.0 = Debug|Any CPU
		{F0045F75-2177-4324-BF86-E03FEA7AB869}.Release|Any CPU.ActiveCfg = Release|Any CPU
		{F0045F75-2177-4324-BF86-E03FEA7AB869}.Release|Any CPU.Build.0 = Release|Any CPU
		{405CF17A-C4FA-43E9-8239-27AA0D8B557D}.Debug|Any CPU.ActiveCfg = Debug|Any CPU
		{405CF17A-C4FA-43E9-8239-27AA0D8B557D}.Debug|Any CPU.Build.0 = Debug|Any CPU
		{405CF17A-C4FA-43E9-8239-27AA0D8B557D}.Release|Any CPU.ActiveCfg = Release|Any CPU
		{405CF17A-C4FA-43E9-8239-27AA0D8B557D}.Release|Any CPU.Build.0 = Release|Any CPU
		{DC804757-722A-469D-AECB-53EC0F5F6792}.Debug|Any CPU.ActiveCfg = Debug|Any CPU
		{DC804757-722A-469D-AECB-53EC0F5F6792}.Debug|Any CPU.Build.0 = Debug|Any CPU
		{DC804757-722A-469D-AECB-53EC0F5F6792}.Release|Any CPU.ActiveCfg = Release|Any CPU
		{DC804757-722A-469D-AECB-53EC0F5F6792}.Release|Any CPU.Build.0 = Release|Any CPU
		{E377C096-68F4-4DB7-A45D-2B930DC3F503}.Debug|Any CPU.ActiveCfg = Debug|Any CPU
		{E377C096-68F4-4DB7-A45D-2B930DC3F503}.Debug|Any CPU.Build.0 = Debug|Any CPU
		{E377C096-68F4-4DB7-A45D-2B930DC3F503}.Release|Any CPU.ActiveCfg = Release|Any CPU
		{E377C096-68F4-4DB7-A45D-2B930DC3F503}.Release|Any CPU.Build.0 = Release|Any CPU
		{850D32F9-D142-45F3-A125-5CF2C7F8D478}.Debug|Any CPU.ActiveCfg = Debug|Any CPU
		{850D32F9-D142-45F3-A125-5CF2C7F8D478}.Debug|Any CPU.Build.0 = Debug|Any CPU
		{850D32F9-D142-45F3-A125-5CF2C7F8D478}.Release|Any CPU.ActiveCfg = Release|Any CPU
		{850D32F9-D142-45F3-A125-5CF2C7F8D478}.Release|Any CPU.Build.0 = Release|Any CPU
		{F8CE28C0-EFC8-4606-B2C1-BC0FBBE22B56}.Debug|Any CPU.ActiveCfg = Debug|Any CPU
		{F8CE28C0-EFC8-4606-B2C1-BC0FBBE22B56}.Debug|Any CPU.Build.0 = Debug|Any CPU
		{F8CE28C0-EFC8-4606-B2C1-BC0FBBE22B56}.Release|Any CPU.ActiveCfg = Release|Any CPU
		{F8CE28C0-EFC8-4606-B2C1-BC0FBBE22B56}.Release|Any CPU.Build.0 = Release|Any CPU
		{3C2BE138-9167-46C4-AA91-31FCBD24D05F}.Debug|Any CPU.ActiveCfg = Debug|Any CPU
		{3C2BE138-9167-46C4-AA91-31FCBD24D05F}.Debug|Any CPU.Build.0 = Debug|Any CPU
		{3C2BE138-9167-46C4-AA91-31FCBD24D05F}.Release|Any CPU.ActiveCfg = Release|Any CPU
		{3C2BE138-9167-46C4-AA91-31FCBD24D05F}.Release|Any CPU.Build.0 = Release|Any CPU
	EndGlobalSection
	GlobalSection(SolutionProperties) = preSolution
		HideSolutionNode = FALSE
	EndGlobalSection
	GlobalSection(ExtensibilityGlobals) = postSolution
		SolutionGuid = {3A59177C-8346-4446-9DD1-A97E91791AAF}
	EndGlobalSection
EndGlobal
